// !$*UTF8*$!
{
	archiveVersion = 1;
	classes = {
	};
	objectVersion = 46;
	objects = {

/* Begin PBXBuildFile section */
		11326CDE1ADA635B0029A3BB /* AppDelegate.swift in Sources */ = {isa = PBXBuildFile; fileRef = 11326CDD1ADA635B0029A3BB /* AppDelegate.swift */; };
		11326CE01ADA635B0029A3BB /* ViewController.swift in Sources */ = {isa = PBXBuildFile; fileRef = 11326CDF1ADA635B0029A3BB /* ViewController.swift */; };
		11326CE31ADA635B0029A3BB /* Main.storyboard in Resources */ = {isa = PBXBuildFile; fileRef = 11326CE11ADA635B0029A3BB /* Main.storyboard */; };
		11326CE51ADA635B0029A3BB /* Images.xcassets in Resources */ = {isa = PBXBuildFile; fileRef = 11326CE41ADA635B0029A3BB /* Images.xcassets */; };
		11326CE81ADA635B0029A3BB /* LaunchScreen.xib in Resources */ = {isa = PBXBuildFile; fileRef = 11326CE61ADA635B0029A3BB /* LaunchScreen.xib */; };
		11326CF41ADA635B0029A3BB /* Text_ReflectTests.swift in Sources */ = {isa = PBXBuildFile; fileRef = 11326CF31ADA635B0029A3BB /* Text_ReflectTests.swift */; };
/* End PBXBuildFile section */

/* Begin PBXContainerItemProxy section */
		11326CEE1ADA635B0029A3BB /* PBXContainerItemProxy */ = {
			isa = PBXContainerItemProxy;
			containerPortal = 11326CD01ADA635B0029A3BB /* Project object */;
			proxyType = 1;
			remoteGlobalIDString = 11326CD71ADA635B0029A3BB;
			remoteInfo = "Text Reflect";
		};
/* End PBXContainerItemProxy section */

/* Begin PBXFileReference section */
		11326CD81ADA635B0029A3BB /* Text Reflect.app */ = {isa = PBXFileReference; explicitFileType = wrapper.application; includeInIndex = 0; path = "Text Reflect.app"; sourceTree = BUILT_PRODUCTS_DIR; };
		11326CDC1ADA635B0029A3BB /* Info.plist */ = {isa = PBXFileReference; lastKnownFileType = text.plist.xml; path = Info.plist; sourceTree = "<group>"; };
		11326CDD1ADA635B0029A3BB /* AppDelegate.swift */ = {isa = PBXFileReference; lastKnownFileType = sourcecode.swift; path = AppDelegate.swift; sourceTree = "<group>"; };
		11326CDF1ADA635B0029A3BB /* ViewController.swift */ = {isa = PBXFileReference; lastKnownFileType = sourcecode.swift; path = ViewController.swift; sourceTree = "<group>"; };
		11326CE21ADA635B0029A3BB /* Base */ = {isa = PBXFileReference; lastKnownFileType = file.storyboard; name = Base; path = Base.lproj/Main.storyboard; sourceTree = "<group>"; };
		11326CE41ADA635B0029A3BB /* Images.xcassets */ = {isa = PBXFileReference; lastKnownFileType = folder.assetcatalog; path = Images.xcassets; sourceTree = "<group>"; };
		11326CE71ADA635B0029A3BB /* Base */ = {isa = PBXFileReference; lastKnownFileType = file.xib; name = Base; path = Base.lproj/LaunchScreen.xib; sourceTree = "<group>"; };
		11326CED1ADA635B0029A3BB /* Text ReflectTests.xctest */ = {isa = PBXFileReference; explicitFileType = wrapper.cfbundle; includeInIndex = 0; path = "Text ReflectTests.xctest"; sourceTree = BUILT_PRODUCTS_DIR; };
		11326CF21ADA635B0029A3BB /* Info.plist */ = {isa = PBXFileReference; lastKnownFileType = text.plist.xml; path = Info.plist; sourceTree = "<group>"; };
		11326CF31ADA635B0029A3BB /* Text_ReflectTests.swift */ = {isa = PBXFileReference; lastKnownFileType = sourcecode.swift; path = Text_ReflectTests.swift; sourceTree = "<group>"; };
/* End PBXFileReference section */

/* Begin PBXFrameworksBuildPhase section */
		11326CD51ADA635B0029A3BB /* Frameworks */ = {
			isa = PBXFrameworksBuildPhase;
			buildActionMask = 2147483647;
			files = (
			);
			runOnlyForDeploymentPostprocessing = 0;
		};
		11326CEA1ADA635B0029A3BB /* Frameworks */ = {
			isa = PBXFrameworksBuildPhase;
			buildActionMask = 2147483647;
			files = (
			);
			runOnlyForDeploymentPostprocessing = 0;
		};
/* End PBXFrameworksBuildPhase section */

/* Begin PBXGroup section */
		11326CCF1ADA635B0029A3BB = {
			isa = PBXGroup;
			children = (
				11326CDA1ADA635B0029A3BB /* Text Reflect */,
				11326CF01ADA635B0029A3BB /* Text ReflectTests */,
				11326CD91ADA635B0029A3BB /* Products */,
			);
			sourceTree = "<group>";
		};
		11326CD91ADA635B0029A3BB /* Products */ = {
			isa = PBXGroup;
			children = (
				11326CD81ADA635B0029A3BB /* Text Reflect.app */,
				11326CED1ADA635B0029A3BB /* Text ReflectTests.xctest */,
			);
			name = Products;
			sourceTree = "<group>";
		};
		11326CDA1ADA635B0029A3BB /* Text Reflect */ = {
			isa = PBXGroup;
			children = (
				11326CDD1ADA635B0029A3BB /* AppDelegate.swift */,
				11326CDF1ADA635B0029A3BB /* ViewController.swift */,
				11326CE11ADA635B0029A3BB /* Main.storyboard */,
				11326CE41ADA635B0029A3BB /* Images.xcassets */,
				11326CE61ADA635B0029A3BB /* LaunchScreen.xib */,
				11326CDB1ADA635B0029A3BB /* Supporting Files */,
			);
			path = "Text Reflect";
			sourceTree = "<group>";
		};
		11326CDB1ADA635B0029A3BB /* Supporting Files */ = {
			isa = PBXGroup;
			children = (
				11326CDC1ADA635B0029A3BB /* Info.plist */,
			);
			name = "Supporting Files";
			sourceTree = "<group>";
		};
		11326CF01ADA635B0029A3BB /* Text ReflectTests */ = {
			isa = PBXGroup;
			children = (
				11326CF31ADA635B0029A3BB /* Text_ReflectTests.swift */,
				11326CF11ADA635B0029A3BB /* Supporting Files */,
			);
			path = "Text ReflectTests";
			sourceTree = "<group>";
		};
		11326CF11ADA635B0029A3BB /* Supporting Files */ = {
			isa = PBXGroup;
			children = (
				11326CF21ADA635B0029A3BB /* Info.plist */,
			);
			name = "Supporting Files";
			sourceTree = "<group>";
		};
/* End PBXGroup section */

/* Begin PBXNativeTarget section */
		11326CD71ADA635B0029A3BB /* Text Reflect */ = {
			isa = PBXNativeTarget;
			buildConfigurationList = 11326CF71ADA635B0029A3BB /* Build configuration list for PBXNativeTarget "Text Reflect" */;
			buildPhases = (
				11326CD41ADA635B0029A3BB /* Sources */,
				11326CD51ADA635B0029A3BB /* Frameworks */,
				11326CD61ADA635B0029A3BB /* Resources */,
			);
			buildRules = (
			);
			dependencies = (
			);
			name = "Text Reflect";
			productName = "Text Reflect";
			productReference = 11326CD81ADA635B0029A3BB /* Text Reflect.app */;
			productType = "com.apple.product-type.application";
		};
		11326CEC1ADA635B0029A3BB /* Text ReflectTests */ = {
			isa = PBXNativeTarget;
			buildConfigurationList = 11326CFA1ADA635B0029A3BB /* Build configuration list for PBXNativeTarget "Text ReflectTests" */;
			buildPhases = (
				11326CE91ADA635B0029A3BB /* Sources */,
				11326CEA1ADA635B0029A3BB /* Frameworks */,
				11326CEB1ADA635B0029A3BB /* Resources */,
			);
			buildRules = (
			);
			dependencies = (
				11326CEF1ADA635B0029A3BB /* PBXTargetDependency */,
			);
			name = "Text ReflectTests";
			productName = "Text ReflectTests";
			productReference = 11326CED1ADA635B0029A3BB /* Text ReflectTests.xctest */;
			productType = "com.apple.product-type.bundle.unit-test";
		};
/* End PBXNativeTarget section */

/* Begin PBXProject section */
		11326CD01ADA635B0029A3BB /* Project object */ = {
			isa = PBXProject;
			attributes = {
				LastUpgradeCheck = 0630;
				ORGANIZATIONNAME = "Mohammad Bharmal";
				TargetAttributes = {
					11326CD71ADA635B0029A3BB = {
						CreatedOnToolsVersion = 6.3;
					};
					11326CEC1ADA635B0029A3BB = {
						CreatedOnToolsVersion = 6.3;
						TestTargetID = 11326CD71ADA635B0029A3BB;
					};
				};
			};
			buildConfigurationList = 11326CD31ADA635B0029A3BB /* Build configuration list for PBXProject "Text Reflect" */;
			compatibilityVersion = "Xcode 3.2";
			developmentRegion = English;
			hasScannedForEncodings = 0;
			knownRegions = (
				en,
				Base,
			);
			mainGroup = 11326CCF1ADA635B0029A3BB;
			productRefGroup = 11326CD91ADA635B0029A3BB /* Products */;
			projectDirPath = "";
			projectRoot = "";
			targets = (
				11326CD71ADA635B0029A3BB /* Text Reflect */,
				11326CEC1ADA635B0029A3BB /* Text ReflectTests */,
			);
		};
/* End PBXProject section */

/* Begin PBXResourcesBuildPhase section */
		11326CD61ADA635B0029A3BB /* Resources */ = {
			isa = PBXResourcesBuildPhase;
			buildActionMask = 2147483647;
			files = (
				11326CE31ADA635B0029A3BB /* Main.storyboard in Resources */,
				11326CE81ADA635B0029A3BB /* LaunchScreen.xib in Resources */,
				11326CE51ADA635B0029A3BB /* Images.xcassets in Resources */,
			);
			runOnlyForDeploymentPostprocessing = 0;
		};
		11326CEB1ADA635B0029A3BB /* Resources */ = {
			isa = PBXResourcesBuildPhase;
			buildActionMask = 2147483647;
			files = (
			);
			runOnlyForDeploymentPostprocessing = 0;
		};
/* End PBXResourcesBuildPhase section */

/* Begin PBXSourcesBuildPhase section */
		11326CD41ADA635B0029A3BB /* Sources */ = {
			isa = PBXSourcesBuildPhase;
			buildActionMask = 2147483647;
			files = (
				11326CE01ADA635B0029A3BB /* ViewController.swift in Sources */,
				11326CDE1ADA635B0029A3BB /* AppDelegate.swift in Sources */,
			);
			runOnlyForDeploymentPostprocessing = 0;
		};
		11326CE91ADA635B0029A3BB /* Sources */ = {
			isa = PBXSourcesBuildPhase;
			buildActionMask = 2147483647;
			files = (
				11326CF41ADA635B0029A3BB /* Text_ReflectTests.swift in Sources */,
			);
			runOnlyForDeploymentPostprocessing = 0;
		};
/* End PBXSourcesBuildPhase section */

/* Begin PBXTargetDependency section */
		11326CEF1ADA635B0029A3BB /* PBXTargetDependency */ = {
			isa = PBXTargetDependency;
			target = 11326CD71ADA635B0029A3BB /* Text Reflect */;
			targetProxy = 11326CEE1ADA635B0029A3BB /* PBXContainerItemProxy */;
		};
/* End PBXTargetDependency section */

/* Begin PBXVariantGroup section */
		11326CE11ADA635B0029A3BB /* Main.storyboard */ = {
			isa = PBXVariantGroup;
			children = (
				11326CE21ADA635B0029A3BB /* Base */,
			);
			name = Main.storyboard;
			sourceTree = "<group>";
		};
		11326CE61ADA635B0029A3BB /* LaunchScreen.xib */ = {
			isa = PBXVariantGroup;
			children = (
				11326CE71ADA635B0029A3BB /* Base */,
			);
			name = LaunchScreen.xib;
			sourceTree = "<group>";
		};
/* End PBXVariantGroup section */

/* Begin XCBuildConfiguration section */
		11326CF51ADA635B0029A3BB /* Debug */ = {
			isa = XCBuildConfiguration;
			buildSettings = {
				ALWAYS_SEARCH_USER_PATHS = NO;
				CLANG_CXX_LANGUAGE_STANDARD = "gnu++0x";
				CLANG_CXX_LIBRARY = "libc++";
				CLANG_ENABLE_MODULES = YES;
				CLANG_ENABLE_OBJC_ARC = YES;
				CLANG_WARN_BOOL_CONVERSION = YES;
				CLANG_WARN_CONSTANT_CONVERSION = YES;
				CLANG_WARN_DIRECT_OBJC_ISA_USAGE = YES_ERROR;
				CLANG_WARN_EMPTY_BODY = YES;
				CLANG_WARN_ENUM_CONVERSION = YES;
				CLANG_WARN_INT_CONVERSION = YES;
				CLANG_WARN_OBJC_ROOT_CLASS = YES_ERROR;
				CLANG_WARN_UNREACHABLE_CODE = YES;
				CLANG_WARN__DUPLICATE_METHOD_MATCH = YES;
				"CODE_SIGN_IDENTITY[sdk=iphoneos*]" = "iPhone Developer";
				COPY_PHASE_STRIP = NO;
				DEBUG_INFORMATION_FORMAT = "dwarf-with-dsym";
				ENABLE_STRICT_OBJC_MSGSEND = YES;
				GCC_C_LANGUAGE_STANDARD = gnu99;
				GCC_DYNAMIC_NO_PIC = NO;
				GCC_NO_COMMON_BLOCKS = YES;
				GCC_OPTIMIZATION_LEVEL = 0;
				GCC_PREPROCESSOR_DEFINITIONS = (
					"DEBUG=1",
					"$(inherited)",
				);
				GCC_SYMBOLS_PRIVATE_EXTERN = NO;
				GCC_WARN_64_TO_32_BIT_CONVERSION = YES;
				GCC_WARN_ABOUT_RETURN_TYPE = YES_ERROR;
				GCC_WARN_UNDECLARED_SELECTOR = YES;
				GCC_WARN_UNINITIALIZED_AUTOS = YES_AGGRESSIVE;
				GCC_WARN_UNUSED_FUNCTION = YES;
				GCC_WARN_UNUSED_VARIABLE = YES;
				IPHONEOS_DEPLOYMENT_TARGET = 8.3;
				MTL_ENABLE_DEBUG_INFO = YES;
				ONLY_ACTIVE_ARCH = YES;
				SDKROOT = iphoneos;
				SWIFT_OPTIMIZATION_LEVEL = "-Onone";
			};
			name = Debug;
		};
		11326CF61ADA635B0029A3BB /* Release */ = {
			isa = XCBuildConfiguration;
			buildSettings = {
				ALWAYS_SEARCH_USER_PATHS = NO;
				CLANG_CXX_LANGUAGE_STANDARD = "gnu++0x";
				CLANG_CXX_LIBRARY = "libc++";
				CLANG_ENABLE_MODULES = YES;
				CLANG_ENABLE_OBJC_ARC = YES;
				CLANG_WARN_BOOL_CONVERSION = YES;
				CLANG_WARN_CONSTANT_CONVERSION = YES;
				CLANG_WARN_DIRECT_OBJC_ISA_USAGE = YES_ERROR;
				CLANG_WARN_EMPTY_BODY = YES;
				CLANG_WARN_ENUM_CONVERSION = YES;
				CLANG_WARN_INT_CONVERSION = YES;
				CLANG_WARN_OBJC_ROOT_CLASS = YES_ERROR;
				CLANG_WARN_UNREACHABLE_CODE = YES;
				CLANG_WARN__DUPLICATE_METHOD_MATCH = YES;
				"CODE_SIGN_IDENTITY[sdk=iphoneos*]" = "iPhone Developer";
				COPY_PHASE_STRIP = NO;
				DEBUG_INFORMATION_FORMAT = "dwarf-with-dsym";
				ENABLE_NS_ASSERTIONS = NO;
				ENABLE_STRICT_OBJC_MSGSEND = YES;
				GCC_C_LANGUAGE_STANDARD = gnu99;
				GCC_NO_COMMON_BLOCKS = YES;
				GCC_WARN_64_TO_32_BIT_CONVERSION = YES;
				GCC_WARN_ABOUT_RETURN_TYPE = YES_ERROR;
				GCC_WARN_UNDECLARED_SELECTOR = YES;
				GCC_WARN_UNINITIALIZED_AUTOS = YES_AGGRESSIVE;
				GCC_WARN_UNUSED_FUNCTION = YES;
				GCC_WARN_UNUSED_VARIABLE = YES;
				IPHONEOS_DEPLOYMENT_TARGET = 8.3;
				MTL_ENABLE_DEBUG_INFO = NO;
				SDKROOT = iphoneos;
				VALIDATE_PRODUCT = YES;
			};
			name = Release;
		};
		11326CF81ADA635B0029A3BB /* Debug */ = {
			isa = XCBuildConfiguration;
			buildSettings = {
				ASSETCATALOG_COMPILER_APPICON_NAME = AppIcon;
				INFOPLIST_FILE = "Text Reflect/Info.plist";
				IPHONEOS_DEPLOYMENT_TARGET = 8.0;
				LD_RUNPATH_SEARCH_PATHS = "$(inherited) @executable_path/Frameworks";
				PRODUCT_NAME = "$(TARGET_NAME)";
			};
			name = Debug;
		};
		11326CF91ADA635B0029A3BB /* Release */ = {
			isa = XCBuildConfiguration;
			buildSettings = {
				ASSETCATALOG_COMPILER_APPICON_NAME = AppIcon;
				INFOPLIST_FILE = "Text Reflect/Info.plist";
				IPHONEOS_DEPLOYMENT_TARGET = 8.0;
				LD_RUNPATH_SEARCH_PATHS = "$(inherited) @executable_path/Frameworks";
				PRODUCT_NAME = "$(TARGET_NAME)";
			};
			name = Release;
		};
		11326CFB1ADA635B0029A3BB /* Debug */ = {
			isa = XCBuildConfiguration;
			buildSettings = {
				BUNDLE_LOADER = "$(TEST_HOST)";
				FRAMEWORK_SEARCH_PATHS = (
					"$(SDKROOT)/Developer/Library/Frameworks",
					"$(inherited)",
				);
				GCC_PREPROCESSOR_DEFINITIONS = (
					"DEBUG=1",
					"$(inherited)",
				);
				INFOPLIST_FILE = "Text ReflectTests/Info.plist";
				LD_RUNPATH_SEARCH_PATHS = "$(inherited) @executable_path/Frameworks @loader_path/Frameworks";
				PRODUCT_NAME = "$(TARGET_NAME)";
				TEST_HOST = "$(BUILT_PRODUCTS_DIR)/Text Reflect.app/Text Reflect";
			};
			name = Debug;
		};
		11326CFC1ADA635B0029A3BB /* Release */ = {
			isa = XCBuildConfiguration;
			buildSettings = {
				BUNDLE_LOADER = "$(TEST_HOST)";
				FRAMEWORK_SEARCH_PATHS = (
					"$(SDKROOT)/Developer/Library/Frameworks",
					"$(inherited)",
				);
				INFOPLIST_FILE = "Text ReflectTests/Info.plist";
				LD_RUNPATH_SEARCH_PATHS = "$(inherited) @executable_path/Frameworks @loader_path/Frameworks";
				PRODUCT_NAME = "$(TARGET_NAME)";
				TEST_HOST = "$(BUILT_PRODUCTS_DIR)/Text Reflect.app/Text Reflect";
			};
			name = Release;
		};
/* End XCBuildConfiguration section */

/* Begin XCConfigurationList section */
		11326CD31ADA635B0029A3BB /* Build configuration list for PBXProject "Text Reflect" */ = {
			isa = XCConfigurationList;
			buildConfigurations = (
				11326CF51ADA635B0029A3BB /* Debug */,
				11326CF61ADA635B0029A3BB /* Release */,
			);
			defaultConfigurationIsVisible = 0;
			defaultConfigurationName = Release;
		};
		11326CF71ADA635B0029A3BB /* Build configuration list for PBXNativeTarget "Text Reflect" */ = {
			isa = XCConfigurationList;
			buildConfigurations = (
				11326CF81ADA635B0029A3BB /* Debug */,
				11326CF91ADA635B0029A3BB /* Release */,
			);
			defaultConfigurationIsVisible = 0;
		};
		11326CFA1ADA635B0029A3BB /* Build configuration list for PBXNativeTarget "Text ReflectTests" */ = {
			isa = XCConfigurationList;
			buildConfigurations = (
				11326CFB1ADA635B0029A3BB /* Debug */,
				11326CFC1ADA635B0029A3BB /* Release */,
			);
			defaultConfigurationIsVisible = 0;
		};
/* End XCConfigurationList section */
	};
	rootObject = 11326CD01ADA635B0029A3BB /* Project object */;
}
