// !$*UTF8*$!
{
	archiveVersion = 1;
	classes = {
	};
	objectVersion = 46;
	objects = {

/* Begin PBXBuildFile section */
		B22BC53F1B187412006237E0 /* AppDelegate.swift in Sources */ = {isa = PBXBuildFile; fileRef = B22BC53E1B187412006237E0 /* AppDelegate.swift */; };
		B22BC5411B187412006237E0 /* ViewController.swift in Sources */ = {isa = PBXBuildFile; fileRef = B22BC5401B187412006237E0 /* ViewController.swift */; };
		B22BC5441B187412006237E0 /* Main.storyboard in Resources */ = {isa = PBXBuildFile; fileRef = B22BC5421B187412006237E0 /* Main.storyboard */; };
		B22BC5461B187412006237E0 /* Images.xcassets in Resources */ = {isa = PBXBuildFile; fileRef = B22BC5451B187412006237E0 /* Images.xcassets */; };
		B22BC5491B187412006237E0 /* LaunchScreen.xib in Resources */ = {isa = PBXBuildFile; fileRef = B22BC5471B187412006237E0 /* LaunchScreen.xib */; };
		B22BC5551B187412006237E0 /* SwiftPracticeTests.swift in Sources */ = {isa = PBXBuildFile; fileRef = B22BC5541B187412006237E0 /* SwiftPracticeTests.swift */; };
/* End PBXBuildFile section */

/* Begin PBXContainerItemProxy section */
		B22BC54F1B187412006237E0 /* PBXContainerItemProxy */ = {
			isa = PBXContainerItemProxy;
			containerPortal = B22BC5311B187411006237E0 /* Project object */;
			proxyType = 1;
			remoteGlobalIDString = B22BC5381B187411006237E0;
			remoteInfo = SwiftPractice;
		};
/* End PBXContainerItemProxy section */

/* Begin PBXFileReference section */
		B22BC5391B187412006237E0 /* SwiftPractice.app */ = {isa = PBXFileReference; explicitFileType = wrapper.application; includeInIndex = 0; path = SwiftPractice.app; sourceTree = BUILT_PRODUCTS_DIR; };
		B22BC53D1B187412006237E0 /* Info.plist */ = {isa = PBXFileReference; lastKnownFileType = text.plist.xml; path = Info.plist; sourceTree = "<group>"; };
		B22BC53E1B187412006237E0 /* AppDelegate.swift */ = {isa = PBXFileReference; lastKnownFileType = sourcecode.swift; path = AppDelegate.swift; sourceTree = "<group>"; };
		B22BC5401B187412006237E0 /* ViewController.swift */ = {isa = PBXFileReference; lastKnownFileType = sourcecode.swift; path = ViewController.swift; sourceTree = "<group>"; };
		B22BC5431B187412006237E0 /* Base */ = {isa = PBXFileReference; lastKnownFileType = file.storyboard; name = Base; path = Base.lproj/Main.storyboard; sourceTree = "<group>"; };
		B22BC5451B187412006237E0 /* Images.xcassets */ = {isa = PBXFileReference; lastKnownFileType = folder.assetcatalog; path = Images.xcassets; sourceTree = "<group>"; };
		B22BC5481B187412006237E0 /* Base */ = {isa = PBXFileReference; lastKnownFileType = file.xib; name = Base; path = Base.lproj/LaunchScreen.xib; sourceTree = "<group>"; };
		B22BC54E1B187412006237E0 /* SwiftPracticeTests.xctest */ = {isa = PBXFileReference; explicitFileType = wrapper.cfbundle; includeInIndex = 0; path = SwiftPracticeTests.xctest; sourceTree = BUILT_PRODUCTS_DIR; };
		B22BC5531B187412006237E0 /* Info.plist */ = {isa = PBXFileReference; lastKnownFileType = text.plist.xml; path = Info.plist; sourceTree = "<group>"; };
		B22BC5541B187412006237E0 /* SwiftPracticeTests.swift */ = {isa = PBXFileReference; lastKnownFileType = sourcecode.swift; path = SwiftPracticeTests.swift; sourceTree = "<group>"; };
/* End PBXFileReference section */

/* Begin PBXFrameworksBuildPhase section */
		B22BC5361B187411006237E0 /* Frameworks */ = {
			isa = PBXFrameworksBuildPhase;
			buildActionMask = 2147483647;
			files = (
			);
			runOnlyForDeploymentPostprocessing = 0;
		};
		B22BC54B1B187412006237E0 /* Frameworks */ = {
			isa = PBXFrameworksBuildPhase;
			buildActionMask = 2147483647;
			files = (
			);
			runOnlyForDeploymentPostprocessing = 0;
		};
/* End PBXFrameworksBuildPhase section */

/* Begin PBXGroup section */
		B22BC5301B187411006237E0 = {
			isa = PBXGroup;
			children = (
				B22BC53B1B187412006237E0 /* SwiftPractice */,
				B22BC5511B187412006237E0 /* SwiftPracticeTests */,
				B22BC53A1B187412006237E0 /* Products */,
			);
			sourceTree = "<group>";
		};
		B22BC53A1B187412006237E0 /* Products */ = {
			isa = PBXGroup;
			children = (
				B22BC5391B187412006237E0 /* SwiftPractice.app */,
				B22BC54E1B187412006237E0 /* SwiftPracticeTests.xctest */,
			);
			name = Products;
			sourceTree = "<group>";
		};
		B22BC53B1B187412006237E0 /* SwiftPractice */ = {
			isa = PBXGroup;
			children = (
				B22BC53E1B187412006237E0 /* AppDelegate.swift */,
				B22BC5401B187412006237E0 /* ViewController.swift */,
				B22BC5421B187412006237E0 /* Main.storyboard */,
				B22BC5451B187412006237E0 /* Images.xcassets */,
				B22BC5471B187412006237E0 /* LaunchScreen.xib */,
				B22BC53C1B187412006237E0 /* Supporting Files */,
			);
			path = SwiftPractice;
			sourceTree = "<group>";
		};
		B22BC53C1B187412006237E0 /* Supporting Files */ = {
			isa = PBXGroup;
			children = (
				B22BC53D1B187412006237E0 /* Info.plist */,
			);
			name = "Supporting Files";
			sourceTree = "<group>";
		};
		B22BC5511B187412006237E0 /* SwiftPracticeTests */ = {
			isa = PBXGroup;
			children = (
				B22BC5541B187412006237E0 /* SwiftPracticeTests.swift */,
				B22BC5521B187412006237E0 /* Supporting Files */,
			);
			path = SwiftPracticeTests;
			sourceTree = "<group>";
		};
		B22BC5521B187412006237E0 /* Supporting Files */ = {
			isa = PBXGroup;
			children = (
				B22BC5531B187412006237E0 /* Info.plist */,
			);
			name = "Supporting Files";
			sourceTree = "<group>";
		};
/* End PBXGroup section */

/* Begin PBXNativeTarget section */
		B22BC5381B187411006237E0 /* SwiftPractice */ = {
			isa = PBXNativeTarget;
			buildConfigurationList = B22BC5581B187412006237E0 /* Build configuration list for PBXNativeTarget "SwiftPractice" */;
			buildPhases = (
				B22BC5351B187411006237E0 /* Sources */,
				B22BC5361B187411006237E0 /* Frameworks */,
				B22BC5371B187411006237E0 /* Resources */,
			);
			buildRules = (
			);
			dependencies = (
			);
			name = SwiftPractice;
			productName = SwiftPractice;
			productReference = B22BC5391B187412006237E0 /* SwiftPractice.app */;
			productType = "com.apple.product-type.application";
		};
		B22BC54D1B187412006237E0 /* SwiftPracticeTests */ = {
			isa = PBXNativeTarget;
			buildConfigurationList = B22BC55B1B187412006237E0 /* Build configuration list for PBXNativeTarget "SwiftPracticeTests" */;
			buildPhases = (
				B22BC54A1B187412006237E0 /* Sources */,
				B22BC54B1B187412006237E0 /* Frameworks */,
				B22BC54C1B187412006237E0 /* Resources */,
			);
			buildRules = (
			);
			dependencies = (
				B22BC5501B187412006237E0 /* PBXTargetDependency */,
			);
			name = SwiftPracticeTests;
			productName = SwiftPracticeTests;
			productReference = B22BC54E1B187412006237E0 /* SwiftPracticeTests.xctest */;
			productType = "com.apple.product-type.bundle.unit-test";
		};
/* End PBXNativeTarget section */

/* Begin PBXProject section */
		B22BC5311B187411006237E0 /* Project object */ = {
			isa = PBXProject;
			attributes = {
				LastUpgradeCheck = 0610;
				ORGANIZATIONNAME = idroid;
				TargetAttributes = {
					B22BC5381B187411006237E0 = {
						CreatedOnToolsVersion = 6.1.1;
					};
					B22BC54D1B187412006237E0 = {
						CreatedOnToolsVersion = 6.1.1;
						TestTargetID = B22BC5381B187411006237E0;
					};
				};
			};
			buildConfigurationList = B22BC5341B187411006237E0 /* Build configuration list for PBXProject "SwiftPractice" */;
			compatibilityVersion = "Xcode 3.2";
			developmentRegion = English;
			hasScannedForEncodings = 0;
			knownRegions = (
				en,
				Base,
			);
			mainGroup = B22BC5301B187411006237E0;
			productRefGroup = B22BC53A1B187412006237E0 /* Products */;
			projectDirPath = "";
			projectRoot = "";
			targets = (
				B22BC5381B187411006237E0 /* SwiftPractice */,
				B22BC54D1B187412006237E0 /* SwiftPracticeTests */,
			);
		};
/* End PBXProject section */

/* Begin PBXResourcesBuildPhase section */
		B22BC5371B187411006237E0 /* Resources */ = {
			isa = PBXResourcesBuildPhase;
			buildActionMask = 2147483647;
			files = (
				B22BC5441B187412006237E0 /* Main.storyboard in Resources */,
				B22BC5491B187412006237E0 /* LaunchScreen.xib in Resources */,
				B22BC5461B187412006237E0 /* Images.xcassets in Resources */,
			);
			runOnlyForDeploymentPostprocessing = 0;
		};
		B22BC54C1B187412006237E0 /* Resources */ = {
			isa = PBXResourcesBuildPhase;
			buildActionMask = 2147483647;
			files = (
			);
			runOnlyForDeploymentPostprocessing = 0;
		};
/* End PBXResourcesBuildPhase section */

/* Begin PBXSourcesBuildPhase section */
		B22BC5351B187411006237E0 /* Sources */ = {
			isa = PBXSourcesBuildPhase;
			buildActionMask = 2147483647;
			files = (
				B22BC5411B187412006237E0 /* ViewController.swift in Sources */,
				B22BC53F1B187412006237E0 /* AppDelegate.swift in Sources */,
			);
			runOnlyForDeploymentPostprocessing = 0;
		};
		B22BC54A1B187412006237E0 /* Sources */ = {
			isa = PBXSourcesBuildPhase;
			buildActionMask = 2147483647;
			files = (
				B22BC5551B187412006237E0 /* SwiftPracticeTests.swift in Sources */,
			);
			runOnlyForDeploymentPostprocessing = 0;
		};
/* End PBXSourcesBuildPhase section */

/* Begin PBXTargetDependency section */
		B22BC5501B187412006237E0 /* PBXTargetDependency */ = {
			isa = PBXTargetDependency;
			target = B22BC5381B187411006237E0 /* SwiftPractice */;
			targetProxy = B22BC54F1B187412006237E0 /* PBXContainerItemProxy */;
		};
/* End PBXTargetDependency section */

/* Begin PBXVariantGroup section */
		B22BC5421B187412006237E0 /* Main.storyboard */ = {
			isa = PBXVariantGroup;
			children = (
				B22BC5431B187412006237E0 /* Base */,
			);
			name = Main.storyboard;
			sourceTree = "<group>";
		};
		B22BC5471B187412006237E0 /* LaunchScreen.xib */ = {
			isa = PBXVariantGroup;
			children = (
				B22BC5481B187412006237E0 /* Base */,
			);
			name = LaunchScreen.xib;
			sourceTree = "<group>";
		};
/* End PBXVariantGroup section */

/* Begin XCBuildConfiguration section */
		B22BC5561B187412006237E0 /* Debug */ = {
			isa = XCBuildConfiguration;
			buildSettings = {
				ALWAYS_SEARCH_USER_PATHS = NO;
				CLANG_CXX_LANGUAGE_STANDARD = "gnu++0x";
				CLANG_CXX_LIBRARY = "libc++";
				CLANG_ENABLE_MODULES = YES;
				CLANG_ENABLE_OBJC_ARC = YES;
				CLANG_WARN_BOOL_CONVERSION = YES;
				CLANG_WARN_CONSTANT_CONVERSION = YES;
				CLANG_WARN_DIRECT_OBJC_ISA_USAGE = YES_ERROR;
				CLANG_WARN_EMPTY_BODY = YES;
				CLANG_WARN_ENUM_CONVERSION = YES;
				CLANG_WARN_INT_CONVERSION = YES;
				CLANG_WARN_OBJC_ROOT_CLASS = YES_ERROR;
				CLANG_WARN_UNREACHABLE_CODE = YES;
				CLANG_WARN__DUPLICATE_METHOD_MATCH = YES;
				"CODE_SIGN_IDENTITY[sdk=iphoneos*]" = "iPhone Developer";
				COPY_PHASE_STRIP = NO;
				ENABLE_STRICT_OBJC_MSGSEND = YES;
				GCC_C_LANGUAGE_STANDARD = gnu99;
				GCC_DYNAMIC_NO_PIC = NO;
				GCC_OPTIMIZATION_LEVEL = 0;
				GCC_PREPROCESSOR_DEFINITIONS = (
					"DEBUG=1",
					"$(inherited)",
				);
				GCC_SYMBOLS_PRIVATE_EXTERN = NO;
				GCC_WARN_64_TO_32_BIT_CONVERSION = YES;
				GCC_WARN_ABOUT_RETURN_TYPE = YES_ERROR;
				GCC_WARN_UNDECLARED_SELECTOR = YES;
				GCC_WARN_UNINITIALIZED_AUTOS = YES_AGGRESSIVE;
				GCC_WARN_UNUSED_FUNCTION = YES;
				GCC_WARN_UNUSED_VARIABLE = YES;
				IPHONEOS_DEPLOYMENT_TARGET = 8.1;
				MTL_ENABLE_DEBUG_INFO = YES;
				ONLY_ACTIVE_ARCH = YES;
				SDKROOT = iphoneos;
				SWIFT_OPTIMIZATION_LEVEL = "-Onone";
				TARGETED_DEVICE_FAMILY = "1,2";
			};
			name = Debug;
		};
		B22BC5571B187412006237E0 /* Release */ = {
			isa = XCBuildConfiguration;
			buildSettings = {
				ALWAYS_SEARCH_USER_PATHS = NO;
				CLANG_CXX_LANGUAGE_STANDARD = "gnu++0x";
				CLANG_CXX_LIBRARY = "libc++";
				CLANG_ENABLE_MODULES = YES;
				CLANG_ENABLE_OBJC_ARC = YES;
				CLANG_WARN_BOOL_CONVERSION = YES;
				CLANG_WARN_CONSTANT_CONVERSION = YES;
				CLANG_WARN_DIRECT_OBJC_ISA_USAGE = YES_ERROR;
				CLANG_WARN_EMPTY_BODY = YES;
				CLANG_WARN_ENUM_CONVERSION = YES;
				CLANG_WARN_INT_CONVERSION = YES;
				CLANG_WARN_OBJC_ROOT_CLASS = YES_ERROR;
				CLANG_WARN_UNREACHABLE_CODE = YES;
				CLANG_WARN__DUPLICATE_METHOD_MATCH = YES;
				"CODE_SIGN_IDENTITY[sdk=iphoneos*]" = "iPhone Developer";
				COPY_PHASE_STRIP = YES;
				ENABLE_NS_ASSERTIONS = NO;
				ENABLE_STRICT_OBJC_MSGSEND = YES;
				GCC_C_LANGUAGE_STANDARD = gnu99;
				GCC_WARN_64_TO_32_BIT_CONVERSION = YES;
				GCC_WARN_ABOUT_RETURN_TYPE = YES_ERROR;
				GCC_WARN_UNDECLARED_SELECTOR = YES;
				GCC_WARN_UNINITIALIZED_AUTOS = YES_AGGRESSIVE;
				GCC_WARN_UNUSED_FUNCTION = YES;
				GCC_WARN_UNUSED_VARIABLE = YES;
				IPHONEOS_DEPLOYMENT_TARGET = 8.1;
				MTL_ENABLE_DEBUG_INFO = NO;
				SDKROOT = iphoneos;
				TARGETED_DEVICE_FAMILY = "1,2";
				VALIDATE_PRODUCT = YES;
			};
			name = Release;
		};
		B22BC5591B187412006237E0 /* Debug */ = {
			isa = XCBuildConfiguration;
			buildSettings = {
				ASSETCATALOG_COMPILER_APPICON_NAME = AppIcon;
				INFOPLIST_FILE = SwiftPractice/Info.plist;
				LD_RUNPATH_SEARCH_PATHS = "$(inherited) @executable_path/Frameworks";
				PRODUCT_NAME = "$(TARGET_NAME)";
			};
			name = Debug;
		};
		B22BC55A1B187412006237E0 /* Release */ = {
			isa = XCBuildConfiguration;
			buildSettings = {
				ASSETCATALOG_COMPILER_APPICON_NAME = AppIcon;
				INFOPLIST_FILE = SwiftPractice/Info.plist;
				LD_RUNPATH_SEARCH_PATHS = "$(inherited) @executable_path/Frameworks";
				PRODUCT_NAME = "$(TARGET_NAME)";
			};
			name = Release;
		};
		B22BC55C1B187412006237E0 /* Debug */ = {
			isa = XCBuildConfiguration;
			buildSettings = {
				BUNDLE_LOADER = "$(TEST_HOST)";
				FRAMEWORK_SEARCH_PATHS = (
					"$(SDKROOT)/Developer/Library/Frameworks",
					"$(inherited)",
				);
				GCC_PREPROCESSOR_DEFINITIONS = (
					"DEBUG=1",
					"$(inherited)",
				);
				INFOPLIST_FILE = SwiftPracticeTests/Info.plist;
				LD_RUNPATH_SEARCH_PATHS = "$(inherited) @executable_path/Frameworks @loader_path/Frameworks";
				PRODUCT_NAME = "$(TARGET_NAME)";
				TEST_HOST = "$(BUILT_PRODUCTS_DIR)/SwiftPractice.app/SwiftPractice";
			};
			name = Debug;
		};
		B22BC55D1B187412006237E0 /* Release */ = {
			isa = XCBuildConfiguration;
			buildSettings = {
				BUNDLE_LOADER = "$(TEST_HOST)";
				FRAMEWORK_SEARCH_PATHS = (
					"$(SDKROOT)/Developer/Library/Frameworks",
					"$(inherited)",
				);
				INFOPLIST_FILE = SwiftPracticeTests/Info.plist;
				LD_RUNPATH_SEARCH_PATHS = "$(inherited) @executable_path/Frameworks @loader_path/Frameworks";
				PRODUCT_NAME = "$(TARGET_NAME)";
				TEST_HOST = "$(BUILT_PRODUCTS_DIR)/SwiftPractice.app/SwiftPractice";
			};
			name = Release;
		};
/* End XCBuildConfiguration section */

/* Begin XCConfigurationList section */
		B22BC5341B187411006237E0 /* Build configuration list for PBXProject "SwiftPractice" */ = {
			isa = XCConfigurationList;
			buildConfigurations = (
				B22BC5561B187412006237E0 /* Debug */,
				B22BC5571B187412006237E0 /* Release */,
			);
			defaultConfigurationIsVisible = 0;
			defaultConfigurationName = Release;
		};
		B22BC5581B187412006237E0 /* Build configuration list for PBXNativeTarget "SwiftPractice" */ = {
			isa = XCConfigurationList;
			buildConfigurations = (
				B22BC5591B187412006237E0 /* Debug */,
				B22BC55A1B187412006237E0 /* Release */,
			);
			defaultConfigurationIsVisible = 0;
		};
		B22BC55B1B187412006237E0 /* Build configuration list for PBXNativeTarget "SwiftPracticeTests" */ = {
			isa = XCConfigurationList;
			buildConfigurations = (
				B22BC55C1B187412006237E0 /* Debug */,
				B22BC55D1B187412006237E0 /* Release */,
			);
			defaultConfigurationIsVisible = 0;
		};
/* End XCConfigurationList section */
	};
	rootObject = B22BC5311B187411006237E0 /* Project object */;
}
