// !$*UTF8*$!
{
	archiveVersion = 1;
	classes = {
	};
	objectVersion = 46;
	objects = {

/* Begin PBXBuildFile section */
		11326CB01ADA5DFC0029A3BB /* AppDelegate.swift in Sources */ = {isa = PBXBuildFile; fileRef = 11326CAF1ADA5DFC0029A3BB /* AppDelegate.swift */; };
		11326CB21ADA5DFC0029A3BB /* ViewController.swift in Sources */ = {isa = PBXBuildFile; fileRef = 11326CB11ADA5DFC0029A3BB /* ViewController.swift */; };
		11326CB51ADA5DFC0029A3BB /* Main.storyboard in Resources */ = {isa = PBXBuildFile; fileRef = 11326CB31ADA5DFC0029A3BB /* Main.storyboard */; };
		11326CB71ADA5DFC0029A3BB /* Images.xcassets in Resources */ = {isa = PBXBuildFile; fileRef = 11326CB61ADA5DFC0029A3BB /* Images.xcassets */; };
		11326CBA1ADA5DFC0029A3BB /* LaunchScreen.xib in Resources */ = {isa = PBXBuildFile; fileRef = 11326CB81ADA5DFC0029A3BB /* LaunchScreen.xib */; };
		11326CC61ADA5DFC0029A3BB /* Hello_WorldTests.swift in Sources */ = {isa = PBXBuildFile; fileRef = 11326CC51ADA5DFC0029A3BB /* Hello_WorldTests.swift */; };
/* End PBXBuildFile section */

/* Begin PBXContainerItemProxy section */
		11326CC01ADA5DFC0029A3BB /* PBXContainerItemProxy */ = {
			isa = PBXContainerItemProxy;
			containerPortal = 11326CA21ADA5DFC0029A3BB /* Project object */;
			proxyType = 1;
			remoteGlobalIDString = 11326CA91ADA5DFC0029A3BB;
			remoteInfo = "Hello World";
		};
/* End PBXContainerItemProxy section */

/* Begin PBXFileReference section */
		11326CAA1ADA5DFC0029A3BB /* Hello World.app */ = {isa = PBXFileReference; explicitFileType = wrapper.application; includeInIndex = 0; path = "Hello World.app"; sourceTree = BUILT_PRODUCTS_DIR; };
		11326CAE1ADA5DFC0029A3BB /* Info.plist */ = {isa = PBXFileReference; lastKnownFileType = text.plist.xml; path = Info.plist; sourceTree = "<group>"; };
		11326CAF1ADA5DFC0029A3BB /* AppDelegate.swift */ = {isa = PBXFileReference; lastKnownFileType = sourcecode.swift; path = AppDelegate.swift; sourceTree = "<group>"; };
		11326CB11ADA5DFC0029A3BB /* ViewController.swift */ = {isa = PBXFileReference; lastKnownFileType = sourcecode.swift; path = ViewController.swift; sourceTree = "<group>"; };
		11326CB41ADA5DFC0029A3BB /* Base */ = {isa = PBXFileReference; lastKnownFileType = file.storyboard; name = Base; path = Base.lproj/Main.storyboard; sourceTree = "<group>"; };
		11326CB61ADA5DFC0029A3BB /* Images.xcassets */ = {isa = PBXFileReference; lastKnownFileType = folder.assetcatalog; path = Images.xcassets; sourceTree = "<group>"; };
		11326CB91ADA5DFC0029A3BB /* Base */ = {isa = PBXFileReference; lastKnownFileType = file.xib; name = Base; path = Base.lproj/LaunchScreen.xib; sourceTree = "<group>"; };
		11326CBF1ADA5DFC0029A3BB /* Hello WorldTests.xctest */ = {isa = PBXFileReference; explicitFileType = wrapper.cfbundle; includeInIndex = 0; path = "Hello WorldTests.xctest"; sourceTree = BUILT_PRODUCTS_DIR; };
		11326CC41ADA5DFC0029A3BB /* Info.plist */ = {isa = PBXFileReference; lastKnownFileType = text.plist.xml; path = Info.plist; sourceTree = "<group>"; };
		11326CC51ADA5DFC0029A3BB /* Hello_WorldTests.swift */ = {isa = PBXFileReference; lastKnownFileType = sourcecode.swift; path = Hello_WorldTests.swift; sourceTree = "<group>"; };
/* End PBXFileReference section */

/* Begin PBXFrameworksBuildPhase section */
		11326CA71ADA5DFC0029A3BB /* Frameworks */ = {
			isa = PBXFrameworksBuildPhase;
			buildActionMask = 2147483647;
			files = (
			);
			runOnlyForDeploymentPostprocessing = 0;
		};
		11326CBC1ADA5DFC0029A3BB /* Frameworks */ = {
			isa = PBXFrameworksBuildPhase;
			buildActionMask = 2147483647;
			files = (
			);
			runOnlyForDeploymentPostprocessing = 0;
		};
/* End PBXFrameworksBuildPhase section */

/* Begin PBXGroup section */
		11326CA11ADA5DFC0029A3BB = {
			isa = PBXGroup;
			children = (
				11326CAC1ADA5DFC0029A3BB /* Hello World */,
				11326CC21ADA5DFC0029A3BB /* Hello WorldTests */,
				11326CAB1ADA5DFC0029A3BB /* Products */,
			);
			sourceTree = "<group>";
		};
		11326CAB1ADA5DFC0029A3BB /* Products */ = {
			isa = PBXGroup;
			children = (
				11326CAA1ADA5DFC0029A3BB /* Hello World.app */,
				11326CBF1ADA5DFC0029A3BB /* Hello WorldTests.xctest */,
			);
			name = Products;
			sourceTree = "<group>";
		};
		11326CAC1ADA5DFC0029A3BB /* Hello World */ = {
			isa = PBXGroup;
			children = (
				11326CAF1ADA5DFC0029A3BB /* AppDelegate.swift */,
				11326CB11ADA5DFC0029A3BB /* ViewController.swift */,
				11326CB31ADA5DFC0029A3BB /* Main.storyboard */,
				11326CB61ADA5DFC0029A3BB /* Images.xcassets */,
				11326CB81ADA5DFC0029A3BB /* LaunchScreen.xib */,
				11326CAD1ADA5DFC0029A3BB /* Supporting Files */,
			);
			path = "Hello World";
			sourceTree = "<group>";
		};
		11326CAD1ADA5DFC0029A3BB /* Supporting Files */ = {
			isa = PBXGroup;
			children = (
				11326CAE1ADA5DFC0029A3BB /* Info.plist */,
			);
			name = "Supporting Files";
			sourceTree = "<group>";
		};
		11326CC21ADA5DFC0029A3BB /* Hello WorldTests */ = {
			isa = PBXGroup;
			children = (
				11326CC51ADA5DFC0029A3BB /* Hello_WorldTests.swift */,
				11326CC31ADA5DFC0029A3BB /* Supporting Files */,
			);
			path = "Hello WorldTests";
			sourceTree = "<group>";
		};
		11326CC31ADA5DFC0029A3BB /* Supporting Files */ = {
			isa = PBXGroup;
			children = (
				11326CC41ADA5DFC0029A3BB /* Info.plist */,
			);
			name = "Supporting Files";
			sourceTree = "<group>";
		};
/* End PBXGroup section */

/* Begin PBXNativeTarget section */
		11326CA91ADA5DFC0029A3BB /* Hello World */ = {
			isa = PBXNativeTarget;
			buildConfigurationList = 11326CC91ADA5DFC0029A3BB /* Build configuration list for PBXNativeTarget "Hello World" */;
			buildPhases = (
				11326CA61ADA5DFC0029A3BB /* Sources */,
				11326CA71ADA5DFC0029A3BB /* Frameworks */,
				11326CA81ADA5DFC0029A3BB /* Resources */,
			);
			buildRules = (
			);
			dependencies = (
			);
			name = "Hello World";
			productName = "Hello World";
			productReference = 11326CAA1ADA5DFC0029A3BB /* Hello World.app */;
			productType = "com.apple.product-type.application";
		};
		11326CBE1ADA5DFC0029A3BB /* Hello WorldTests */ = {
			isa = PBXNativeTarget;
			buildConfigurationList = 11326CCC1ADA5DFC0029A3BB /* Build configuration list for PBXNativeTarget "Hello WorldTests" */;
			buildPhases = (
				11326CBB1ADA5DFC0029A3BB /* Sources */,
				11326CBC1ADA5DFC0029A3BB /* Frameworks */,
				11326CBD1ADA5DFC0029A3BB /* Resources */,
			);
			buildRules = (
			);
			dependencies = (
				11326CC11ADA5DFC0029A3BB /* PBXTargetDependency */,
			);
			name = "Hello WorldTests";
			productName = "Hello WorldTests";
			productReference = 11326CBF1ADA5DFC0029A3BB /* Hello WorldTests.xctest */;
			productType = "com.apple.product-type.bundle.unit-test";
		};
/* End PBXNativeTarget section */

/* Begin PBXProject section */
		11326CA21ADA5DFC0029A3BB /* Project object */ = {
			isa = PBXProject;
			attributes = {
				LastUpgradeCheck = 0630;
				ORGANIZATIONNAME = "Mohammad Bharmal";
				TargetAttributes = {
					11326CA91ADA5DFC0029A3BB = {
						CreatedOnToolsVersion = 6.3;
					};
					11326CBE1ADA5DFC0029A3BB = {
						CreatedOnToolsVersion = 6.3;
						TestTargetID = 11326CA91ADA5DFC0029A3BB;
					};
				};
			};
			buildConfigurationList = 11326CA51ADA5DFC0029A3BB /* Build configuration list for PBXProject "Hello World" */;
			compatibilityVersion = "Xcode 3.2";
			developmentRegion = English;
			hasScannedForEncodings = 0;
			knownRegions = (
				en,
				Base,
			);
			mainGroup = 11326CA11ADA5DFC0029A3BB;
			productRefGroup = 11326CAB1ADA5DFC0029A3BB /* Products */;
			projectDirPath = "";
			projectRoot = "";
			targets = (
				11326CA91ADA5DFC0029A3BB /* Hello World */,
				11326CBE1ADA5DFC0029A3BB /* Hello WorldTests */,
			);
		};
/* End PBXProject section */

/* Begin PBXResourcesBuildPhase section */
		11326CA81ADA5DFC0029A3BB /* Resources */ = {
			isa = PBXResourcesBuildPhase;
			buildActionMask = 2147483647;
			files = (
				11326CB51ADA5DFC0029A3BB /* Main.storyboard in Resources */,
				11326CBA1ADA5DFC0029A3BB /* LaunchScreen.xib in Resources */,
				11326CB71ADA5DFC0029A3BB /* Images.xcassets in Resources */,
			);
			runOnlyForDeploymentPostprocessing = 0;
		};
		11326CBD1ADA5DFC0029A3BB /* Resources */ = {
			isa = PBXResourcesBuildPhase;
			buildActionMask = 2147483647;
			files = (
			);
			runOnlyForDeploymentPostprocessing = 0;
		};
/* End PBXResourcesBuildPhase section */

/* Begin PBXSourcesBuildPhase section */
		11326CA61ADA5DFC0029A3BB /* Sources */ = {
			isa = PBXSourcesBuildPhase;
			buildActionMask = 2147483647;
			files = (
				11326CB21ADA5DFC0029A3BB /* ViewController.swift in Sources */,
				11326CB01ADA5DFC0029A3BB /* AppDelegate.swift in Sources */,
			);
			runOnlyForDeploymentPostprocessing = 0;
		};
		11326CBB1ADA5DFC0029A3BB /* Sources */ = {
			isa = PBXSourcesBuildPhase;
			buildActionMask = 2147483647;
			files = (
				11326CC61ADA5DFC0029A3BB /* Hello_WorldTests.swift in Sources */,
			);
			runOnlyForDeploymentPostprocessing = 0;
		};
/* End PBXSourcesBuildPhase section */

/* Begin PBXTargetDependency section */
		11326CC11ADA5DFC0029A3BB /* PBXTargetDependency */ = {
			isa = PBXTargetDependency;
			target = 11326CA91ADA5DFC0029A3BB /* Hello World */;
			targetProxy = 11326CC01ADA5DFC0029A3BB /* PBXContainerItemProxy */;
		};
/* End PBXTargetDependency section */

/* Begin PBXVariantGroup section */
		11326CB31ADA5DFC0029A3BB /* Main.storyboard */ = {
			isa = PBXVariantGroup;
			children = (
				11326CB41ADA5DFC0029A3BB /* Base */,
			);
			name = Main.storyboard;
			sourceTree = "<group>";
		};
		11326CB81ADA5DFC0029A3BB /* LaunchScreen.xib */ = {
			isa = PBXVariantGroup;
			children = (
				11326CB91ADA5DFC0029A3BB /* Base */,
			);
			name = LaunchScreen.xib;
			sourceTree = "<group>";
		};
/* End PBXVariantGroup section */

/* Begin XCBuildConfiguration section */
		11326CC71ADA5DFC0029A3BB /* Debug */ = {
			isa = XCBuildConfiguration;
			buildSettings = {
				ALWAYS_SEARCH_USER_PATHS = NO;
				CLANG_CXX_LANGUAGE_STANDARD = "gnu++0x";
				CLANG_CXX_LIBRARY = "libc++";
				CLANG_ENABLE_MODULES = YES;
				CLANG_ENABLE_OBJC_ARC = YES;
				CLANG_WARN_BOOL_CONVERSION = YES;
				CLANG_WARN_CONSTANT_CONVERSION = YES;
				CLANG_WARN_DIRECT_OBJC_ISA_USAGE = YES_ERROR;
				CLANG_WARN_EMPTY_BODY = YES;
				CLANG_WARN_ENUM_CONVERSION = YES;
				CLANG_WARN_INT_CONVERSION = YES;
				CLANG_WARN_OBJC_ROOT_CLASS = YES_ERROR;
				CLANG_WARN_UNREACHABLE_CODE = YES;
				CLANG_WARN__DUPLICATE_METHOD_MATCH = YES;
				"CODE_SIGN_IDENTITY[sdk=iphoneos*]" = "iPhone Developer";
				COPY_PHASE_STRIP = NO;
				DEBUG_INFORMATION_FORMAT = "dwarf-with-dsym";
				ENABLE_STRICT_OBJC_MSGSEND = YES;
				GCC_C_LANGUAGE_STANDARD = gnu99;
				GCC_DYNAMIC_NO_PIC = NO;
				GCC_NO_COMMON_BLOCKS = YES;
				GCC_OPTIMIZATION_LEVEL = 0;
				GCC_PREPROCESSOR_DEFINITIONS = (
					"DEBUG=1",
					"$(inherited)",
				);
				GCC_SYMBOLS_PRIVATE_EXTERN = NO;
				GCC_WARN_64_TO_32_BIT_CONVERSION = YES;
				GCC_WARN_ABOUT_RETURN_TYPE = YES_ERROR;
				GCC_WARN_UNDECLARED_SELECTOR = YES;
				GCC_WARN_UNINITIALIZED_AUTOS = YES_AGGRESSIVE;
				GCC_WARN_UNUSED_FUNCTION = YES;
				GCC_WARN_UNUSED_VARIABLE = YES;
				IPHONEOS_DEPLOYMENT_TARGET = 8.3;
				MTL_ENABLE_DEBUG_INFO = YES;
				ONLY_ACTIVE_ARCH = YES;
				SDKROOT = iphoneos;
				SWIFT_OPTIMIZATION_LEVEL = "-Onone";
			};
			name = Debug;
		};
		11326CC81ADA5DFC0029A3BB /* Release */ = {
			isa = XCBuildConfiguration;
			buildSettings = {
				ALWAYS_SEARCH_USER_PATHS = NO;
				CLANG_CXX_LANGUAGE_STANDARD = "gnu++0x";
				CLANG_CXX_LIBRARY = "libc++";
				CLANG_ENABLE_MODULES = YES;
				CLANG_ENABLE_OBJC_ARC = YES;
				CLANG_WARN_BOOL_CONVERSION = YES;
				CLANG_WARN_CONSTANT_CONVERSION = YES;
				CLANG_WARN_DIRECT_OBJC_ISA_USAGE = YES_ERROR;
				CLANG_WARN_EMPTY_BODY = YES;
				CLANG_WARN_ENUM_CONVERSION = YES;
				CLANG_WARN_INT_CONVERSION = YES;
				CLANG_WARN_OBJC_ROOT_CLASS = YES_ERROR;
				CLANG_WARN_UNREACHABLE_CODE = YES;
				CLANG_WARN__DUPLICATE_METHOD_MATCH = YES;
				"CODE_SIGN_IDENTITY[sdk=iphoneos*]" = "iPhone Developer";
				COPY_PHASE_STRIP = NO;
				DEBUG_INFORMATION_FORMAT = "dwarf-with-dsym";
				ENABLE_NS_ASSERTIONS = NO;
				ENABLE_STRICT_OBJC_MSGSEND = YES;
				GCC_C_LANGUAGE_STANDARD = gnu99;
				GCC_NO_COMMON_BLOCKS = YES;
				GCC_WARN_64_TO_32_BIT_CONVERSION = YES;
				GCC_WARN_ABOUT_RETURN_TYPE = YES_ERROR;
				GCC_WARN_UNDECLARED_SELECTOR = YES;
				GCC_WARN_UNINITIALIZED_AUTOS = YES_AGGRESSIVE;
				GCC_WARN_UNUSED_FUNCTION = YES;
				GCC_WARN_UNUSED_VARIABLE = YES;
				IPHONEOS_DEPLOYMENT_TARGET = 8.3;
				MTL_ENABLE_DEBUG_INFO = NO;
				SDKROOT = iphoneos;
				VALIDATE_PRODUCT = YES;
			};
			name = Release;
		};
		11326CCA1ADA5DFC0029A3BB /* Debug */ = {
			isa = XCBuildConfiguration;
			buildSettings = {
				ASSETCATALOG_COMPILER_APPICON_NAME = AppIcon;
				INFOPLIST_FILE = "Hello World/Info.plist";
				LD_RUNPATH_SEARCH_PATHS = "$(inherited) @executable_path/Frameworks";
				PRODUCT_NAME = "$(TARGET_NAME)";
			};
			name = Debug;
		};
		11326CCB1ADA5DFC0029A3BB /* Release */ = {
			isa = XCBuildConfiguration;
			buildSettings = {
				ASSETCATALOG_COMPILER_APPICON_NAME = AppIcon;
				INFOPLIST_FILE = "Hello World/Info.plist";
				LD_RUNPATH_SEARCH_PATHS = "$(inherited) @executable_path/Frameworks";
				PRODUCT_NAME = "$(TARGET_NAME)";
			};
			name = Release;
		};
		11326CCD1ADA5DFC0029A3BB /* Debug */ = {
			isa = XCBuildConfiguration;
			buildSettings = {
				BUNDLE_LOADER = "$(TEST_HOST)";
				FRAMEWORK_SEARCH_PATHS = (
					"$(SDKROOT)/Developer/Library/Frameworks",
					"$(inherited)",
				);
				GCC_PREPROCESSOR_DEFINITIONS = (
					"DEBUG=1",
					"$(inherited)",
				);
				INFOPLIST_FILE = "Hello WorldTests/Info.plist";
				LD_RUNPATH_SEARCH_PATHS = "$(inherited) @executable_path/Frameworks @loader_path/Frameworks";
				PRODUCT_NAME = "$(TARGET_NAME)";
				TEST_HOST = "$(BUILT_PRODUCTS_DIR)/Hello World.app/Hello World";
			};
			name = Debug;
		};
		11326CCE1ADA5DFC0029A3BB /* Release */ = {
			isa = XCBuildConfiguration;
			buildSettings = {
				BUNDLE_LOADER = "$(TEST_HOST)";
				FRAMEWORK_SEARCH_PATHS = (
					"$(SDKROOT)/Developer/Library/Frameworks",
					"$(inherited)",
				);
				INFOPLIST_FILE = "Hello WorldTests/Info.plist";
				LD_RUNPATH_SEARCH_PATHS = "$(inherited) @executable_path/Frameworks @loader_path/Frameworks";
				PRODUCT_NAME = "$(TARGET_NAME)";
				TEST_HOST = "$(BUILT_PRODUCTS_DIR)/Hello World.app/Hello World";
			};
			name = Release;
		};
/* End XCBuildConfiguration section */

/* Begin XCConfigurationList section */
		11326CA51ADA5DFC0029A3BB /* Build configuration list for PBXProject "Hello World" */ = {
			isa = XCConfigurationList;
			buildConfigurations = (
				11326CC71ADA5DFC0029A3BB /* Debug */,
				11326CC81ADA5DFC0029A3BB /* Release */,
			);
			defaultConfigurationIsVisible = 0;
			defaultConfigurationName = Release;
		};
		11326CC91ADA5DFC0029A3BB /* Build configuration list for PBXNativeTarget "Hello World" */ = {
			isa = XCConfigurationList;
			buildConfigurations = (
				11326CCA1ADA5DFC0029A3BB /* Debug */,
				11326CCB1ADA5DFC0029A3BB /* Release */,
			);
			defaultConfigurationIsVisible = 0;
		};
		11326CCC1ADA5DFC0029A3BB /* Build configuration list for PBXNativeTarget "Hello WorldTests" */ = {
			isa = XCConfigurationList;
			buildConfigurations = (
				11326CCD1ADA5DFC0029A3BB /* Debug */,
				11326CCE1ADA5DFC0029A3BB /* Release */,
			);
			defaultConfigurationIsVisible = 0;
		};
/* End XCConfigurationList section */
	};
	rootObject = 11326CA21ADA5DFC0029A3BB /* Project object */;
}
