// !$*UTF8*$!
{
	archiveVersion = 1;
	classes = {
	};
	objectVersion = 46;
	objects = {

/* Begin PBXBuildFile section */
		1186CDBE1B27C4680025DD96 /* AppDelegate.swift in Sources */ = {isa = PBXBuildFile; fileRef = 1186CDBD1B27C4680025DD96 /* AppDelegate.swift */; };
		1186CDC11B27C4680025DD96 /* AVPlayer_Progressive_Download.xcdatamodeld in Sources */ = {isa = PBXBuildFile; fileRef = 1186CDBF1B27C4680025DD96 /* AVPlayer_Progressive_Download.xcdatamodeld */; };
		1186CDC31B27C4680025DD96 /* ViewController.swift in Sources */ = {isa = PBXBuildFile; fileRef = 1186CDC21B27C4680025DD96 /* ViewController.swift */; };
		1186CDC61B27C4680025DD96 /* Main.storyboard in Resources */ = {isa = PBXBuildFile; fileRef = 1186CDC41B27C4680025DD96 /* Main.storyboard */; };
		1186CDC81B27C4680025DD96 /* Images.xcassets in Resources */ = {isa = PBXBuildFile; fileRef = 1186CDC71B27C4680025DD96 /* Images.xcassets */; };
		1186CDCB1B27C4680025DD96 /* LaunchScreen.xib in Resources */ = {isa = PBXBuildFile; fileRef = 1186CDC91B27C4680025DD96 /* LaunchScreen.xib */; };
		1186CDD71B27C4680025DD96 /* AVPlayer_Progressive_DownloadTests.swift in Sources */ = {isa = PBXBuildFile; fileRef = 1186CDD61B27C4680025DD96 /* AVPlayer_Progressive_DownloadTests.swift */; };
		1186CDE11B27C48C0025DD96 /* DownloadConnection.swift in Sources */ = {isa = PBXBuildFile; fileRef = 1186CDE01B27C48C0025DD96 /* DownloadConnection.swift */; };
		11CE948D1B284C290008579D /* CommonCrytoFunctions.m in Sources */ = {isa = PBXBuildFile; fileRef = 11CE948C1B284C290008579D /* CommonCrytoFunctions.m */; };
/* End PBXBuildFile section */

/* Begin PBXContainerItemProxy section */
		1186CDD11B27C4680025DD96 /* PBXContainerItemProxy */ = {
			isa = PBXContainerItemProxy;
			containerPortal = 1186CDB01B27C4680025DD96 /* Project object */;
			proxyType = 1;
			remoteGlobalIDString = 1186CDB71B27C4680025DD96;
			remoteInfo = "AVPlayer Progressive Download";
		};
/* End PBXContainerItemProxy section */

/* Begin PBXFileReference section */
		1186CDB81B27C4680025DD96 /* AVPlayer Progressive Download.app */ = {isa = PBXFileReference; explicitFileType = wrapper.application; includeInIndex = 0; path = "AVPlayer Progressive Download.app"; sourceTree = BUILT_PRODUCTS_DIR; };
		1186CDBC1B27C4680025DD96 /* Info.plist */ = {isa = PBXFileReference; lastKnownFileType = text.plist.xml; path = Info.plist; sourceTree = "<group>"; };
		1186CDBD1B27C4680025DD96 /* AppDelegate.swift */ = {isa = PBXFileReference; lastKnownFileType = sourcecode.swift; path = AppDelegate.swift; sourceTree = "<group>"; };
		1186CDC01B27C4680025DD96 /* AVPlayer_Progressive_Download.xcdatamodel */ = {isa = PBXFileReference; lastKnownFileType = wrapper.xcdatamodel; path = AVPlayer_Progressive_Download.xcdatamodel; sourceTree = "<group>"; };
		1186CDC21B27C4680025DD96 /* ViewController.swift */ = {isa = PBXFileReference; lastKnownFileType = sourcecode.swift; path = ViewController.swift; sourceTree = "<group>"; };
		1186CDC51B27C4680025DD96 /* Base */ = {isa = PBXFileReference; lastKnownFileType = file.storyboard; name = Base; path = Base.lproj/Main.storyboard; sourceTree = "<group>"; };
		1186CDC71B27C4680025DD96 /* Images.xcassets */ = {isa = PBXFileReference; lastKnownFileType = folder.assetcatalog; path = Images.xcassets; sourceTree = "<group>"; };
		1186CDCA1B27C4680025DD96 /* Base */ = {isa = PBXFileReference; lastKnownFileType = file.xib; name = Base; path = Base.lproj/LaunchScreen.xib; sourceTree = "<group>"; };
		1186CDD01B27C4680025DD96 /* AVPlayer Progressive DownloadTests.xctest */ = {isa = PBXFileReference; explicitFileType = wrapper.cfbundle; includeInIndex = 0; path = "AVPlayer Progressive DownloadTests.xctest"; sourceTree = BUILT_PRODUCTS_DIR; };
		1186CDD51B27C4680025DD96 /* Info.plist */ = {isa = PBXFileReference; lastKnownFileType = text.plist.xml; path = Info.plist; sourceTree = "<group>"; };
		1186CDD61B27C4680025DD96 /* AVPlayer_Progressive_DownloadTests.swift */ = {isa = PBXFileReference; lastKnownFileType = sourcecode.swift; path = AVPlayer_Progressive_DownloadTests.swift; sourceTree = "<group>"; };
		1186CDE01B27C48C0025DD96 /* DownloadConnection.swift */ = {isa = PBXFileReference; fileEncoding = 4; lastKnownFileType = sourcecode.swift; path = DownloadConnection.swift; sourceTree = "<group>"; };
		11CE948A1B284C280008579D /* AVPlayer Progressive Download-Bridging-Header.h */ = {isa = PBXFileReference; lastKnownFileType = sourcecode.c.h; path = "AVPlayer Progressive Download-Bridging-Header.h"; sourceTree = "<group>"; };
		11CE948B1B284C290008579D /* CommonCrytoFunctions.h */ = {isa = PBXFileReference; fileEncoding = 4; lastKnownFileType = sourcecode.c.h; path = CommonCrytoFunctions.h; sourceTree = "<group>"; };
		11CE948C1B284C290008579D /* CommonCrytoFunctions.m */ = {isa = PBXFileReference; fileEncoding = 4; lastKnownFileType = sourcecode.c.objc; path = CommonCrytoFunctions.m; sourceTree = "<group>"; };
/* End PBXFileReference section */

/* Begin PBXFrameworksBuildPhase section */
		1186CDB51B27C4680025DD96 /* Frameworks */ = {
			isa = PBXFrameworksBuildPhase;
			buildActionMask = 2147483647;
			files = (
			);
			runOnlyForDeploymentPostprocessing = 0;
		};
		1186CDCD1B27C4680025DD96 /* Frameworks */ = {
			isa = PBXFrameworksBuildPhase;
			buildActionMask = 2147483647;
			files = (
			);
			runOnlyForDeploymentPostprocessing = 0;
		};
/* End PBXFrameworksBuildPhase section */

/* Begin PBXGroup section */
		1186CDAF1B27C4680025DD96 = {
			isa = PBXGroup;
			children = (
				1186CDBA1B27C4680025DD96 /* AVPlayer Progressive Download */,
				1186CDD31B27C4680025DD96 /* AVPlayer Progressive DownloadTests */,
				1186CDB91B27C4680025DD96 /* Products */,
			);
			sourceTree = "<group>";
		};
		1186CDB91B27C4680025DD96 /* Products */ = {
			isa = PBXGroup;
			children = (
				1186CDB81B27C4680025DD96 /* AVPlayer Progressive Download.app */,
				1186CDD01B27C4680025DD96 /* AVPlayer Progressive DownloadTests.xctest */,
			);
			name = Products;
			sourceTree = "<group>";
		};
		1186CDBA1B27C4680025DD96 /* AVPlayer Progressive Download */ = {
			isa = PBXGroup;
			children = (
				11CE94831B284ADD0008579D /* CommonCrypto */,
				1186CDBD1B27C4680025DD96 /* AppDelegate.swift */,
				1186CDC21B27C4680025DD96 /* ViewController.swift */,
				1186CDE01B27C48C0025DD96 /* DownloadConnection.swift */,
				1186CDC41B27C4680025DD96 /* Main.storyboard */,
				1186CDC71B27C4680025DD96 /* Images.xcassets */,
				1186CDC91B27C4680025DD96 /* LaunchScreen.xib */,
				1186CDBF1B27C4680025DD96 /* AVPlayer_Progressive_Download.xcdatamodeld */,
				1186CDBB1B27C4680025DD96 /* Supporting Files */,
			);
			path = "AVPlayer Progressive Download";
			sourceTree = "<group>";
		};
		1186CDBB1B27C4680025DD96 /* Supporting Files */ = {
			isa = PBXGroup;
			children = (
				1186CDBC1B27C4680025DD96 /* Info.plist */,
			);
			name = "Supporting Files";
			sourceTree = "<group>";
		};
		1186CDD31B27C4680025DD96 /* AVPlayer Progressive DownloadTests */ = {
			isa = PBXGroup;
			children = (
				1186CDD61B27C4680025DD96 /* AVPlayer_Progressive_DownloadTests.swift */,
				1186CDD41B27C4680025DD96 /* Supporting Files */,
			);
			path = "AVPlayer Progressive DownloadTests";
			sourceTree = "<group>";
		};
		1186CDD41B27C4680025DD96 /* Supporting Files */ = {
			isa = PBXGroup;
			children = (
				1186CDD51B27C4680025DD96 /* Info.plist */,
			);
			name = "Supporting Files";
			sourceTree = "<group>";
		};
		11CE94831B284ADD0008579D /* CommonCrypto */ = {
			isa = PBXGroup;
			children = (
				11CE948B1B284C290008579D /* CommonCrytoFunctions.h */,
				11CE948C1B284C290008579D /* CommonCrytoFunctions.m */,
				11CE948A1B284C280008579D /* AVPlayer Progressive Download-Bridging-Header.h */,
			);
			path = CommonCrypto;
			sourceTree = SOURCE_ROOT;
		};
/* End PBXGroup section */

/* Begin PBXNativeTarget section */
		1186CDB71B27C4680025DD96 /* AVPlayer Progressive Download */ = {
			isa = PBXNativeTarget;
			buildConfigurationList = 1186CDDA1B27C4680025DD96 /* Build configuration list for PBXNativeTarget "AVPlayer Progressive Download" */;
			buildPhases = (
				1186CDB41B27C4680025DD96 /* Sources */,
				1186CDB51B27C4680025DD96 /* Frameworks */,
				1186CDB61B27C4680025DD96 /* Resources */,
			);
			buildRules = (
			);
			dependencies = (
			);
			name = "AVPlayer Progressive Download";
			productName = "AVPlayer Progressive Download";
			productReference = 1186CDB81B27C4680025DD96 /* AVPlayer Progressive Download.app */;
			productType = "com.apple.product-type.application";
		};
		1186CDCF1B27C4680025DD96 /* AVPlayer Progressive DownloadTests */ = {
			isa = PBXNativeTarget;
			buildConfigurationList = 1186CDDD1B27C4680025DD96 /* Build configuration list for PBXNativeTarget "AVPlayer Progressive DownloadTests" */;
			buildPhases = (
				1186CDCC1B27C4680025DD96 /* Sources */,
				1186CDCD1B27C4680025DD96 /* Frameworks */,
				1186CDCE1B27C4680025DD96 /* Resources */,
			);
			buildRules = (
			);
			dependencies = (
				1186CDD21B27C4680025DD96 /* PBXTargetDependency */,
			);
			name = "AVPlayer Progressive DownloadTests";
			productName = "AVPlayer Progressive DownloadTests";
			productReference = 1186CDD01B27C4680025DD96 /* AVPlayer Progressive DownloadTests.xctest */;
			productType = "com.apple.product-type.bundle.unit-test";
		};
/* End PBXNativeTarget section */

/* Begin PBXProject section */
		1186CDB01B27C4680025DD96 /* Project object */ = {
			isa = PBXProject;
			attributes = {
				LastUpgradeCheck = 0630;
				ORGANIZATIONNAME = "Mohammad Bharmal";
				TargetAttributes = {
					1186CDB71B27C4680025DD96 = {
						CreatedOnToolsVersion = 6.3.2;
					};
					1186CDCF1B27C4680025DD96 = {
						CreatedOnToolsVersion = 6.3.2;
						TestTargetID = 1186CDB71B27C4680025DD96;
					};
				};
			};
			buildConfigurationList = 1186CDB31B27C4680025DD96 /* Build configuration list for PBXProject "AVPlayer Progressive Download" */;
			compatibilityVersion = "Xcode 3.2";
			developmentRegion = English;
			hasScannedForEncodings = 0;
			knownRegions = (
				en,
				Base,
			);
			mainGroup = 1186CDAF1B27C4680025DD96;
			productRefGroup = 1186CDB91B27C4680025DD96 /* Products */;
			projectDirPath = "";
			projectRoot = "";
			targets = (
				1186CDB71B27C4680025DD96 /* AVPlayer Progressive Download */,
				1186CDCF1B27C4680025DD96 /* AVPlayer Progressive DownloadTests */,
			);
		};
/* End PBXProject section */

/* Begin PBXResourcesBuildPhase section */
		1186CDB61B27C4680025DD96 /* Resources */ = {
			isa = PBXResourcesBuildPhase;
			buildActionMask = 2147483647;
			files = (
				1186CDC61B27C4680025DD96 /* Main.storyboard in Resources */,
				1186CDCB1B27C4680025DD96 /* LaunchScreen.xib in Resources */,
				1186CDC81B27C4680025DD96 /* Images.xcassets in Resources */,
			);
			runOnlyForDeploymentPostprocessing = 0;
		};
		1186CDCE1B27C4680025DD96 /* Resources */ = {
			isa = PBXResourcesBuildPhase;
			buildActionMask = 2147483647;
			files = (
			);
			runOnlyForDeploymentPostprocessing = 0;
		};
/* End PBXResourcesBuildPhase section */

/* Begin PBXSourcesBuildPhase section */
		1186CDB41B27C4680025DD96 /* Sources */ = {
			isa = PBXSourcesBuildPhase;
			buildActionMask = 2147483647;
			files = (
				1186CDC31B27C4680025DD96 /* ViewController.swift in Sources */,
				1186CDBE1B27C4680025DD96 /* AppDelegate.swift in Sources */,
				11CE948D1B284C290008579D /* CommonCrytoFunctions.m in Sources */,
				1186CDC11B27C4680025DD96 /* AVPlayer_Progressive_Download.xcdatamodeld in Sources */,
				1186CDE11B27C48C0025DD96 /* DownloadConnection.swift in Sources */,
			);
			runOnlyForDeploymentPostprocessing = 0;
		};
		1186CDCC1B27C4680025DD96 /* Sources */ = {
			isa = PBXSourcesBuildPhase;
			buildActionMask = 2147483647;
			files = (
				1186CDD71B27C4680025DD96 /* AVPlayer_Progressive_DownloadTests.swift in Sources */,
			);
			runOnlyForDeploymentPostprocessing = 0;
		};
/* End PBXSourcesBuildPhase section */

/* Begin PBXTargetDependency section */
		1186CDD21B27C4680025DD96 /* PBXTargetDependency */ = {
			isa = PBXTargetDependency;
			target = 1186CDB71B27C4680025DD96 /* AVPlayer Progressive Download */;
			targetProxy = 1186CDD11B27C4680025DD96 /* PBXContainerItemProxy */;
		};
/* End PBXTargetDependency section */

/* Begin PBXVariantGroup section */
		1186CDC41B27C4680025DD96 /* Main.storyboard */ = {
			isa = PBXVariantGroup;
			children = (
				1186CDC51B27C4680025DD96 /* Base */,
			);
			name = Main.storyboard;
			sourceTree = "<group>";
		};
		1186CDC91B27C4680025DD96 /* LaunchScreen.xib */ = {
			isa = PBXVariantGroup;
			children = (
				1186CDCA1B27C4680025DD96 /* Base */,
			);
			name = LaunchScreen.xib;
			sourceTree = "<group>";
		};
/* End PBXVariantGroup section */

/* Begin XCBuildConfiguration section */
		1186CDD81B27C4680025DD96 /* Debug */ = {
			isa = XCBuildConfiguration;
			buildSettings = {
				ALWAYS_SEARCH_USER_PATHS = NO;
				CLANG_CXX_LANGUAGE_STANDARD = "gnu++0x";
				CLANG_CXX_LIBRARY = "libc++";
				CLANG_ENABLE_MODULES = YES;
				CLANG_ENABLE_OBJC_ARC = YES;
				CLANG_WARN_BOOL_CONVERSION = YES;
				CLANG_WARN_CONSTANT_CONVERSION = YES;
				CLANG_WARN_DIRECT_OBJC_ISA_USAGE = YES_ERROR;
				CLANG_WARN_EMPTY_BODY = YES;
				CLANG_WARN_ENUM_CONVERSION = YES;
				CLANG_WARN_INT_CONVERSION = YES;
				CLANG_WARN_OBJC_ROOT_CLASS = YES_ERROR;
				CLANG_WARN_UNREACHABLE_CODE = YES;
				CLANG_WARN__DUPLICATE_METHOD_MATCH = YES;
				"CODE_SIGN_IDENTITY[sdk=iphoneos*]" = "iPhone Developer";
				COPY_PHASE_STRIP = NO;
				DEBUG_INFORMATION_FORMAT = "dwarf-with-dsym";
				ENABLE_STRICT_OBJC_MSGSEND = YES;
				GCC_C_LANGUAGE_STANDARD = gnu99;
				GCC_DYNAMIC_NO_PIC = NO;
				GCC_NO_COMMON_BLOCKS = YES;
				GCC_OPTIMIZATION_LEVEL = 0;
				GCC_PREPROCESSOR_DEFINITIONS = (
					"DEBUG=1",
					"$(inherited)",
				);
				GCC_SYMBOLS_PRIVATE_EXTERN = NO;
				GCC_WARN_64_TO_32_BIT_CONVERSION = YES;
				GCC_WARN_ABOUT_RETURN_TYPE = YES_ERROR;
				GCC_WARN_UNDECLARED_SELECTOR = YES;
				GCC_WARN_UNINITIALIZED_AUTOS = YES_AGGRESSIVE;
				GCC_WARN_UNUSED_FUNCTION = YES;
				GCC_WARN_UNUSED_VARIABLE = YES;
				IPHONEOS_DEPLOYMENT_TARGET = 8.3;
				MTL_ENABLE_DEBUG_INFO = YES;
				ONLY_ACTIVE_ARCH = YES;
				SDKROOT = iphoneos;
				SWIFT_INCLUDE_PATHS = "";
				SWIFT_OPTIMIZATION_LEVEL = "-O";
			};
			name = Debug;
		};
		1186CDD91B27C4680025DD96 /* Release */ = {
			isa = XCBuildConfiguration;
			buildSettings = {
				ALWAYS_SEARCH_USER_PATHS = NO;
				CLANG_CXX_LANGUAGE_STANDARD = "gnu++0x";
				CLANG_CXX_LIBRARY = "libc++";
				CLANG_ENABLE_MODULES = YES;
				CLANG_ENABLE_OBJC_ARC = YES;
				CLANG_WARN_BOOL_CONVERSION = YES;
				CLANG_WARN_CONSTANT_CONVERSION = YES;
				CLANG_WARN_DIRECT_OBJC_ISA_USAGE = YES_ERROR;
				CLANG_WARN_EMPTY_BODY = YES;
				CLANG_WARN_ENUM_CONVERSION = YES;
				CLANG_WARN_INT_CONVERSION = YES;
				CLANG_WARN_OBJC_ROOT_CLASS = YES_ERROR;
				CLANG_WARN_UNREACHABLE_CODE = YES;
				CLANG_WARN__DUPLICATE_METHOD_MATCH = YES;
				"CODE_SIGN_IDENTITY[sdk=iphoneos*]" = "iPhone Developer";
				COPY_PHASE_STRIP = NO;
				DEBUG_INFORMATION_FORMAT = "dwarf-with-dsym";
				ENABLE_NS_ASSERTIONS = NO;
				ENABLE_STRICT_OBJC_MSGSEND = YES;
				GCC_C_LANGUAGE_STANDARD = gnu99;
				GCC_NO_COMMON_BLOCKS = YES;
				GCC_WARN_64_TO_32_BIT_CONVERSION = YES;
				GCC_WARN_ABOUT_RETURN_TYPE = YES_ERROR;
				GCC_WARN_UNDECLARED_SELECTOR = YES;
				GCC_WARN_UNINITIALIZED_AUTOS = YES_AGGRESSIVE;
				GCC_WARN_UNUSED_FUNCTION = YES;
				GCC_WARN_UNUSED_VARIABLE = YES;
				IPHONEOS_DEPLOYMENT_TARGET = 8.3;
				MTL_ENABLE_DEBUG_INFO = NO;
				SDKROOT = iphoneos;
				SWIFT_INCLUDE_PATHS = "";
				VALIDATE_PRODUCT = YES;
			};
			name = Release;
		};
		1186CDDB1B27C4680025DD96 /* Debug */ = {
			isa = XCBuildConfiguration;
			buildSettings = {
				ASSETCATALOG_COMPILER_APPICON_NAME = AppIcon;
				CLANG_ENABLE_MODULES = YES;
				INFOPLIST_FILE = "AVPlayer Progressive Download/Info.plist";
				LD_RUNPATH_SEARCH_PATHS = "$(inherited) @executable_path/Frameworks";
				PRODUCT_NAME = "$(TARGET_NAME)";
				SWIFT_INCLUDE_PATHS = "";
				SWIFT_OBJC_BRIDGING_HEADER = "CommonCrypto/AVPlayer Progressive Download-Bridging-Header.h";
				SWIFT_OPTIMIZATION_LEVEL = "-Onone";
			};
			name = Debug;
		};
		1186CDDC1B27C4680025DD96 /* Release */ = {
			isa = XCBuildConfiguration;
			buildSettings = {
				ASSETCATALOG_COMPILER_APPICON_NAME = AppIcon;
				CLANG_ENABLE_MODULES = YES;
				INFOPLIST_FILE = "AVPlayer Progressive Download/Info.plist";
				LD_RUNPATH_SEARCH_PATHS = "$(inherited) @executable_path/Frameworks";
				PRODUCT_NAME = "$(TARGET_NAME)";
				SWIFT_INCLUDE_PATHS = "";
				SWIFT_OBJC_BRIDGING_HEADER = "CommonCrypto/AVPlayer Progressive Download-Bridging-Header.h";
			};
			name = Release;
		};
		1186CDDE1B27C4680025DD96 /* Debug */ = {
			isa = XCBuildConfiguration;
			buildSettings = {
				BUNDLE_LOADER = "$(TEST_HOST)";
				FRAMEWORK_SEARCH_PATHS = (
					"$(SDKROOT)/Developer/Library/Frameworks",
					"$(inherited)",
				);
				GCC_PREPROCESSOR_DEFINITIONS = (
					"DEBUG=1",
					"$(inherited)",
				);
				INFOPLIST_FILE = "AVPlayer Progressive DownloadTests/Info.plist";
				LD_RUNPATH_SEARCH_PATHS = "$(inherited) @executable_path/Frameworks @loader_path/Frameworks";
				PRODUCT_NAME = "$(TARGET_NAME)";
				TEST_HOST = "$(BUILT_PRODUCTS_DIR)/AVPlayer Progressive Download.app/AVPlayer Progressive Download";
			};
			name = Debug;
		};
		1186CDDF1B27C4680025DD96 /* Release */ = {
			isa = XCBuildConfiguration;
			buildSettings = {
				BUNDLE_LOADER = "$(TEST_HOST)";
				FRAMEWORK_SEARCH_PATHS = (
					"$(SDKROOT)/Developer/Library/Frameworks",
					"$(inherited)",
				);
				INFOPLIST_FILE = "AVPlayer Progressive DownloadTests/Info.plist";
				LD_RUNPATH_SEARCH_PATHS = "$(inherited) @executable_path/Frameworks @loader_path/Frameworks";
				PRODUCT_NAME = "$(TARGET_NAME)";
				TEST_HOST = "$(BUILT_PRODUCTS_DIR)/AVPlayer Progressive Download.app/AVPlayer Progressive Download";
			};
			name = Release;
		};
/* End XCBuildConfiguration section */

/* Begin XCConfigurationList section */
		1186CDB31B27C4680025DD96 /* Build configuration list for PBXProject "AVPlayer Progressive Download" */ = {
			isa = XCConfigurationList;
			buildConfigurations = (
				1186CDD81B27C4680025DD96 /* Debug */,
				1186CDD91B27C4680025DD96 /* Release */,
			);
			defaultConfigurationIsVisible = 0;
			defaultConfigurationName = Release;
		};
		1186CDDA1B27C4680025DD96 /* Build configuration list for PBXNativeTarget "AVPlayer Progressive Download" */ = {
			isa = XCConfigurationList;
			buildConfigurations = (
				1186CDDB1B27C4680025DD96 /* Debug */,
				1186CDDC1B27C4680025DD96 /* Release */,
			);
			defaultConfigurationIsVisible = 0;
			defaultConfigurationName = Release;
		};
		1186CDDD1B27C4680025DD96 /* Build configuration list for PBXNativeTarget "AVPlayer Progressive DownloadTests" */ = {
			isa = XCConfigurationList;
			buildConfigurations = (
				1186CDDE1B27C4680025DD96 /* Debug */,
				1186CDDF1B27C4680025DD96 /* Release */,
			);
			defaultConfigurationIsVisible = 0;
			defaultConfigurationName = Release;
		};
/* End XCConfigurationList section */

/* Begin XCVersionGroup section */
		1186CDBF1B27C4680025DD96 /* AVPlayer_Progressive_Download.xcdatamodeld */ = {
			isa = XCVersionGroup;
			children = (
				1186CDC01B27C4680025DD96 /* AVPlayer_Progressive_Download.xcdatamodel */,
			);
			currentVersion = 1186CDC01B27C4680025DD96 /* AVPlayer_Progressive_Download.xcdatamodel */;
			path = AVPlayer_Progressive_Download.xcdatamodeld;
			sourceTree = "<group>";
			versionGroupType = wrapper.xcdatamodel;
		};
/* End XCVersionGroup section */
	};
	rootObject = 1186CDB01B27C4680025DD96 /* Project object */;
}
